
Microsoft Visual Studio Solution File, Format Version 12.00
# Visual Studio Version 18
VisualStudioVersion = 18.2.11408.102
MinimumVisualStudioVersion = 10.0.40219.1
Project("{FAE04EC0-301F-11D3-BF4B-00C04F79EFBC}") = "M17E_Ex.1", "M17E_Ex.1\M17E_Ex.1.csproj", "{561C6B97-5932-4863-9223-457F0083709F}"
EndProject
Global
	GlobalSection(SolutionConfigurationPlatforms) = preSolution
		Debug|Any CPU = Debug|Any CPU
		Release|Any CPU = Release|Any CPU
	EndGlobalSection
	GlobalSection(ProjectConfigurationPlatforms) = postSolution
		{561C6B97-5932-4863-9223-457F0083709F}.Debug|Any CPU.ActiveCfg = Debug|Any CPU
		{561C6B97-5932-4863-9223-457F0083709F}.Debug|Any CPU.Build.0 = Debug|Any CPU
		{561C6B97-5932-4863-9223-457F0083709F}.Release|Any CPU.ActiveCfg = Release|Any CPU
		{561C6B97-5932-4863-9223-457F0083709F}.Release|Any CPU.Build.0 = Release|Any CPU
	EndGlobalSection
	GlobalSection(SolutionProperties) = preSolution
		HideSolutionNode = FALSE
	EndGlobalSection
	GlobalSection(ExtensibilityGlobals) = postSolution
		SolutionGuid = {F1A5967A-33DA-486B-85CF-6A174F469EBA}
	EndGlobalSection
EndGlobal
